// !$*UTF8*$!
{
	archiveVersion = 1;
	classes = {
	};
	objectVersion = 55;
	objects = {

/* Begin PBXBuildFile section */
		3A2C2653289B159800DD8EBB /* HTTPClientSpy.swift in Sources */ = {isa = PBXBuildFile; fileRef = 3A2C2652289B159800DD8EBB /* HTTPClientSpy.swift */; };
		3A2C2662289B2CF100DD8EBB /* Infra.framework in Frameworks */ = {isa = PBXBuildFile; fileRef = 3A2C265A289B2CF100DD8EBB /* Infra.framework */; };
		3A2C2667289B2CF100DD8EBB /* AlamofireAdapterTests.swift in Sources */ = {isa = PBXBuildFile; fileRef = 3A2C2666289B2CF100DD8EBB /* AlamofireAdapterTests.swift */; };
		3A2C2671289B32F500DD8EBB /* Alamofire in Frameworks */ = {isa = PBXBuildFile; productRef = 3A2C2670289B32F500DD8EBB /* Alamofire */; };
		3A2C2673289B347D00DD8EBB /* Alamofire in Frameworks */ = {isa = PBXBuildFile; productRef = 3A2C2672289B347D00DD8EBB /* Alamofire */; };
		3A4428C1289C53370042F5B0 /* TestFactories.swift in Sources */ = {isa = PBXBuildFile; fileRef = 3AE22150289B14F000CBE25B /* TestFactories.swift */; };
		3A4428C2289C55CD0042F5B0 /* TestExtensions.swift in Sources */ = {isa = PBXBuildFile; fileRef = 3AE2214E289B14BD00CBE25B /* TestExtensions.swift */; };
		3A88E26E28986097002E02AA /* AddAccount.swift in Sources */ = {isa = PBXBuildFile; fileRef = 3A88E26D28986097002E02AA /* AddAccount.swift */; };
		3A88E27C2898639D002E02AA /* Data.framework in Frameworks */ = {isa = PBXBuildFile; fileRef = 3A88E2742898639D002E02AA /* Data.framework */; };
		3A88E28A289863A3002E02AA /* Domain.framework in Frameworks */ = {isa = PBXBuildFile; fileRef = 3A88E2662898602A002E02AA /* Domain.framework */; };
		3A88E28B289863A3002E02AA /* Domain.framework in Embed Frameworks */ = {isa = PBXBuildFile; fileRef = 3A88E2662898602A002E02AA /* Domain.framework */; settings = {ATTRIBUTES = (CodeSignOnCopy, RemoveHeadersOnCopy, ); }; };
		3A88E290289863ED002E02AA /* RemoteAddAccountTests.swift in Sources */ = {isa = PBXBuildFile; fileRef = 3A88E28F289863ED002E02AA /* RemoteAddAccountTests.swift */; };
		3A9FBFAB28995D0D001E2914 /* Model.swift in Sources */ = {isa = PBXBuildFile; fileRef = 3A9FBFAA28995D0D001E2914 /* Model.swift */; };
		3A9FBFAD28996E85001E2914 /* RemoteAddAccount.swift in Sources */ = {isa = PBXBuildFile; fileRef = 3A9FBFAC28996E85001E2914 /* RemoteAddAccount.swift */; };
		3A9FBFAF28996EAC001E2914 /* HTTPPostClient.swift in Sources */ = {isa = PBXBuildFile; fileRef = 3A9FBFAE28996EAC001E2914 /* HTTPPostClient.swift */; };
		3A9FBFB128996F17001E2914 /* AccountModel.swift in Sources */ = {isa = PBXBuildFile; fileRef = 3A9FBFB028996F17001E2914 /* AccountModel.swift */; };
		3A9FBFB828999494001E2914 /* DomainError.swift in Sources */ = {isa = PBXBuildFile; fileRef = 3A9FBFB728999494001E2914 /* DomainError.swift */; };
		3AE2214F289B14BD00CBE25B /* TestExtensions.swift in Sources */ = {isa = PBXBuildFile; fileRef = 3AE2214E289B14BD00CBE25B /* TestExtensions.swift */; };
		3AE22151289B14F000CBE25B /* TestFactories.swift in Sources */ = {isa = PBXBuildFile; fileRef = 3AE22150289B14F000CBE25B /* TestFactories.swift */; };
/* End PBXBuildFile section */

/* Begin PBXContainerItemProxy section */
		3A2C2663289B2CF100DD8EBB /* PBXContainerItemProxy */ = {
			isa = PBXContainerItemProxy;
			containerPortal = 3A88E24E28985D0E002E02AA /* Project object */;
			proxyType = 1;
			remoteGlobalIDString = 3A2C2659289B2CF100DD8EBB;
			remoteInfo = Infra;
		};
		3A88E27D2898639D002E02AA /* PBXContainerItemProxy */ = {
			isa = PBXContainerItemProxy;
			containerPortal = 3A88E24E28985D0E002E02AA /* Project object */;
			proxyType = 1;
			remoteGlobalIDString = 3A88E2732898639D002E02AA;
			remoteInfo = Data;
		};
		3A88E28C289863A3002E02AA /* PBXContainerItemProxy */ = {
			isa = PBXContainerItemProxy;
			containerPortal = 3A88E24E28985D0E002E02AA /* Project object */;
			proxyType = 1;
			remoteGlobalIDString = 3A88E2652898602A002E02AA;
			remoteInfo = Domain;
		};
/* End PBXContainerItemProxy section */

/* Begin PBXCopyFilesBuildPhase section */
		3A88E28E289863A3002E02AA /* Embed Frameworks */ = {
			isa = PBXCopyFilesBuildPhase;
			buildActionMask = 2147483647;
			dstPath = "";
			dstSubfolderSpec = 10;
			files = (
				3A88E28B289863A3002E02AA /* Domain.framework in Embed Frameworks */,
			);
			name = "Embed Frameworks";
			runOnlyForDeploymentPostprocessing = 0;
		};
/* End PBXCopyFilesBuildPhase section */

/* Begin PBXFileReference section */
		3A2C2652289B159800DD8EBB /* HTTPClientSpy.swift */ = {isa = PBXFileReference; lastKnownFileType = sourcecode.swift; path = HTTPClientSpy.swift; sourceTree = "<group>"; };
		3A2C265A289B2CF100DD8EBB /* Infra.framework */ = {isa = PBXFileReference; explicitFileType = wrapper.framework; includeInIndex = 0; path = Infra.framework; sourceTree = BUILT_PRODUCTS_DIR; };
		3A2C2661289B2CF100DD8EBB /* InfraTests.xctest */ = {isa = PBXFileReference; explicitFileType = wrapper.cfbundle; includeInIndex = 0; path = InfraTests.xctest; sourceTree = BUILT_PRODUCTS_DIR; };
		3A2C2666289B2CF100DD8EBB /* AlamofireAdapterTests.swift */ = {isa = PBXFileReference; lastKnownFileType = sourcecode.swift; path = AlamofireAdapterTests.swift; sourceTree = "<group>"; };
		3A88E2662898602A002E02AA /* Domain.framework */ = {isa = PBXFileReference; explicitFileType = wrapper.framework; includeInIndex = 0; path = Domain.framework; sourceTree = BUILT_PRODUCTS_DIR; };
		3A88E26D28986097002E02AA /* AddAccount.swift */ = {isa = PBXFileReference; lastKnownFileType = sourcecode.swift; path = AddAccount.swift; sourceTree = "<group>"; };
		3A88E2742898639D002E02AA /* Data.framework */ = {isa = PBXFileReference; explicitFileType = wrapper.framework; includeInIndex = 0; path = Data.framework; sourceTree = BUILT_PRODUCTS_DIR; };
		3A88E27B2898639D002E02AA /* DataTests.xctest */ = {isa = PBXFileReference; explicitFileType = wrapper.cfbundle; includeInIndex = 0; path = DataTests.xctest; sourceTree = BUILT_PRODUCTS_DIR; };
		3A88E28F289863ED002E02AA /* RemoteAddAccountTests.swift */ = {isa = PBXFileReference; lastKnownFileType = sourcecode.swift; path = RemoteAddAccountTests.swift; sourceTree = "<group>"; };
		3A9FBFAA28995D0D001E2914 /* Model.swift */ = {isa = PBXFileReference; lastKnownFileType = sourcecode.swift; path = Model.swift; sourceTree = "<group>"; };
		3A9FBFAC28996E85001E2914 /* RemoteAddAccount.swift */ = {isa = PBXFileReference; lastKnownFileType = sourcecode.swift; path = RemoteAddAccount.swift; sourceTree = "<group>"; };
		3A9FBFAE28996EAC001E2914 /* HTTPPostClient.swift */ = {isa = PBXFileReference; lastKnownFileType = sourcecode.swift; path = HTTPPostClient.swift; sourceTree = "<group>"; };
		3A9FBFB028996F17001E2914 /* AccountModel.swift */ = {isa = PBXFileReference; lastKnownFileType = sourcecode.swift; path = AccountModel.swift; sourceTree = "<group>"; };
		3A9FBFB728999494001E2914 /* DomainError.swift */ = {isa = PBXFileReference; lastKnownFileType = sourcecode.swift; path = DomainError.swift; sourceTree = "<group>"; };
		3AE2214E289B14BD00CBE25B /* TestExtensions.swift */ = {isa = PBXFileReference; lastKnownFileType = sourcecode.swift; path = TestExtensions.swift; sourceTree = "<group>"; };
		3AE22150289B14F000CBE25B /* TestFactories.swift */ = {isa = PBXFileReference; lastKnownFileType = sourcecode.swift; path = TestFactories.swift; sourceTree = "<group>"; };
/* End PBXFileReference section */

/* Begin PBXFrameworksBuildPhase section */
		3A2C2657289B2CF100DD8EBB /* Frameworks */ = {
			isa = PBXFrameworksBuildPhase;
			buildActionMask = 2147483647;
			files = (
				3A2C2673289B347D00DD8EBB /* Alamofire in Frameworks */,
			);
			runOnlyForDeploymentPostprocessing = 0;
		};
		3A2C265E289B2CF100DD8EBB /* Frameworks */ = {
			isa = PBXFrameworksBuildPhase;
			buildActionMask = 2147483647;
			files = (
				3A2C2662289B2CF100DD8EBB /* Infra.framework in Frameworks */,
			);
			runOnlyForDeploymentPostprocessing = 0;
		};
		3A88E2632898602A002E02AA /* Frameworks */ = {
			isa = PBXFrameworksBuildPhase;
			buildActionMask = 2147483647;
			files = (
				3A2C2671289B32F500DD8EBB /* Alamofire in Frameworks */,
			);
			runOnlyForDeploymentPostprocessing = 0;
		};
		3A88E2712898639D002E02AA /* Frameworks */ = {
			isa = PBXFrameworksBuildPhase;
			buildActionMask = 2147483647;
			files = (
				3A88E28A289863A3002E02AA /* Domain.framework in Frameworks */,
			);
			runOnlyForDeploymentPostprocessing = 0;
		};
		3A88E2782898639D002E02AA /* Frameworks */ = {
			isa = PBXFrameworksBuildPhase;
			buildActionMask = 2147483647;
			files = (
				3A88E27C2898639D002E02AA /* Data.framework in Frameworks */,
			);
			runOnlyForDeploymentPostprocessing = 0;
		};
/* End PBXFrameworksBuildPhase section */

/* Begin PBXGroup section */
		3A2C2651289B158200DD8EBB /* Helpers */ = {
			isa = PBXGroup;
			children = (
				3AE2214E289B14BD00CBE25B /* TestExtensions.swift */,
				3AE22150289B14F000CBE25B /* TestFactories.swift */,
			);
			path = Helpers;
			sourceTree = "<group>";
		};
		3A2C2654289B15E000DD8EBB /* HTTP */ = {
			isa = PBXGroup;
			children = (
				3A2C2652289B159800DD8EBB /* HTTPClientSpy.swift */,
			);
			path = HTTP;
			sourceTree = "<group>";
		};
		3A2C265B289B2CF100DD8EBB /* Infra */ = {
			isa = PBXGroup;
			children = (
			);
			path = Infra;
			sourceTree = "<group>";
		};
		3A2C2665289B2CF100DD8EBB /* InfraTests */ = {
			isa = PBXGroup;
			children = (
				3A2C2666289B2CF100DD8EBB /* AlamofireAdapterTests.swift */,
			);
			path = InfraTests;
			sourceTree = "<group>";
		};
		3A88E24D28985D0E002E02AA = {
			isa = PBXGroup;
			children = (
				3A88E2672898602A002E02AA /* Domain */,
				3A88E2752898639D002E02AA /* Data */,
				3A88E27F2898639D002E02AA /* DataTests */,
				3A2C265B289B2CF100DD8EBB /* Infra */,
				3A2C2665289B2CF100DD8EBB /* InfraTests */,
				3A88E25828985D0E002E02AA /* Products */,
				3A88E289289863A3002E02AA /* Frameworks */,
			);
			sourceTree = "<group>";
		};
		3A88E25828985D0E002E02AA /* Products */ = {
			isa = PBXGroup;
			children = (
				3A88E2662898602A002E02AA /* Domain.framework */,
				3A88E2742898639D002E02AA /* Data.framework */,
				3A88E27B2898639D002E02AA /* DataTests.xctest */,
				3A2C265A289B2CF100DD8EBB /* Infra.framework */,
				3A2C2661289B2CF100DD8EBB /* InfraTests.xctest */,
			);
			name = Products;
			sourceTree = "<group>";
		};
		3A88E2672898602A002E02AA /* Domain */ = {
			isa = PBXGroup;
			children = (
				3A9FBFB328996F5A001E2914 /* UseCases */,
				3A9FBFB428996F62001E2914 /* Models */,
				3A9FBFB928999498001E2914 /* Errors */,
			);
			path = Domain;
			sourceTree = "<group>";
		};
		3A88E2752898639D002E02AA /* Data */ = {
			isa = PBXGroup;
			children = (
				3A9FBFB228996F4F001E2914 /* UseCases */,
				3A9FBFB528996F68001E2914 /* HTTP */,
			);
			path = Data;
			sourceTree = "<group>";
		};
		3A88E27F2898639D002E02AA /* DataTests */ = {
			isa = PBXGroup;
			children = (
				3A2C2651289B158200DD8EBB /* Helpers */,
				3A9FBFB628996F7E001E2914 /* UseCases */,
				3A2C2654289B15E000DD8EBB /* HTTP */,
			);
			path = DataTests;
			sourceTree = "<group>";
		};
		3A88E289289863A3002E02AA /* Frameworks */ = {
			isa = PBXGroup;
			children = (
			);
			name = Frameworks;
			sourceTree = "<group>";
		};
		3A9FBFB228996F4F001E2914 /* UseCases */ = {
			isa = PBXGroup;
			children = (
				3A9FBFAC28996E85001E2914 /* RemoteAddAccount.swift */,
			);
			path = UseCases;
			sourceTree = "<group>";
		};
		3A9FBFB328996F5A001E2914 /* UseCases */ = {
			isa = PBXGroup;
			children = (
				3A88E26D28986097002E02AA /* AddAccount.swift */,
			);
			path = UseCases;
			sourceTree = "<group>";
		};
		3A9FBFB428996F62001E2914 /* Models */ = {
			isa = PBXGroup;
			children = (
				3A9FBFB028996F17001E2914 /* AccountModel.swift */,
				3A9FBFAA28995D0D001E2914 /* Model.swift */,
			);
			path = Models;
			sourceTree = "<group>";
		};
		3A9FBFB528996F68001E2914 /* HTTP */ = {
			isa = PBXGroup;
			children = (
				3A9FBFAE28996EAC001E2914 /* HTTPPostClient.swift */,
			);
			path = HTTP;
			sourceTree = "<group>";
		};
		3A9FBFB628996F7E001E2914 /* UseCases */ = {
			isa = PBXGroup;
			children = (
				3A88E28F289863ED002E02AA /* RemoteAddAccountTests.swift */,
			);
			path = UseCases;
			sourceTree = "<group>";
		};
		3A9FBFB928999498001E2914 /* Errors */ = {
			isa = PBXGroup;
			children = (
				3A9FBFB728999494001E2914 /* DomainError.swift */,
			);
			path = Errors;
			sourceTree = "<group>";
		};
/* End PBXGroup section */

/* Begin PBXHeadersBuildPhase section */
		3A2C2655289B2CF100DD8EBB /* Headers */ = {
			isa = PBXHeadersBuildPhase;
			buildActionMask = 2147483647;
			files = (
			);
			runOnlyForDeploymentPostprocessing = 0;
		};
		3A88E2612898602A002E02AA /* Headers */ = {
			isa = PBXHeadersBuildPhase;
			buildActionMask = 2147483647;
			files = (
			);
			runOnlyForDeploymentPostprocessing = 0;
		};
		3A88E26F2898639D002E02AA /* Headers */ = {
			isa = PBXHeadersBuildPhase;
			buildActionMask = 2147483647;
			files = (
			);
			runOnlyForDeploymentPostprocessing = 0;
		};
/* End PBXHeadersBuildPhase section */

/* Begin PBXNativeTarget section */
		3A2C2659289B2CF100DD8EBB /* Infra */ = {
			isa = PBXNativeTarget;
			buildConfigurationList = 3A2C266D289B2CF100DD8EBB /* Build configuration list for PBXNativeTarget "Infra" */;
			buildPhases = (
				3A2C2655289B2CF100DD8EBB /* Headers */,
				3A2C2656289B2CF100DD8EBB /* Sources */,
				3A2C2657289B2CF100DD8EBB /* Frameworks */,
				3A2C2658289B2CF100DD8EBB /* Resources */,
			);
			buildRules = (
			);
			dependencies = (
			);
			name = Infra;
			packageProductDependencies = (
				3A2C2672289B347D00DD8EBB /* Alamofire */,
			);
			productName = Infra;
			productReference = 3A2C265A289B2CF100DD8EBB /* Infra.framework */;
			productType = "com.apple.product-type.framework";
		};
		3A2C2660289B2CF100DD8EBB /* InfraTests */ = {
			isa = PBXNativeTarget;
			buildConfigurationList = 3A2C266E289B2CF100DD8EBB /* Build configuration list for PBXNativeTarget "InfraTests" */;
			buildPhases = (
				3A2C265D289B2CF100DD8EBB /* Sources */,
				3A2C265E289B2CF100DD8EBB /* Frameworks */,
				3A2C265F289B2CF100DD8EBB /* Resources */,
			);
			buildRules = (
			);
			dependencies = (
				3A2C2664289B2CF100DD8EBB /* PBXTargetDependency */,
			);
			name = InfraTests;
			productName = InfraTests;
			productReference = 3A2C2661289B2CF100DD8EBB /* InfraTests.xctest */;
			productType = "com.apple.product-type.bundle.unit-test";
		};
		3A88E2652898602A002E02AA /* Domain */ = {
			isa = PBXNativeTarget;
			buildConfigurationList = 3A88E26A2898602A002E02AA /* Build configuration list for PBXNativeTarget "Domain" */;
			buildPhases = (
				3A88E2612898602A002E02AA /* Headers */,
				3A88E2622898602A002E02AA /* Sources */,
				3A88E2632898602A002E02AA /* Frameworks */,
				3A88E2642898602A002E02AA /* Resources */,
			);
			buildRules = (
			);
			dependencies = (
			);
			name = Domain;
			packageProductDependencies = (
				3A2C2670289B32F500DD8EBB /* Alamofire */,
			);
			productName = Domain;
			productReference = 3A88E2662898602A002E02AA /* Domain.framework */;
			productType = "com.apple.product-type.framework";
		};
		3A88E2732898639D002E02AA /* Data */ = {
			isa = PBXNativeTarget;
			buildConfigurationList = 3A88E2832898639D002E02AA /* Build configuration list for PBXNativeTarget "Data" */;
			buildPhases = (
				3A88E26F2898639D002E02AA /* Headers */,
				3A88E2702898639D002E02AA /* Sources */,
				3A88E2712898639D002E02AA /* Frameworks */,
				3A88E2722898639D002E02AA /* Resources */,
				3A88E28E289863A3002E02AA /* Embed Frameworks */,
			);
			buildRules = (
			);
			dependencies = (
				3A88E28D289863A3002E02AA /* PBXTargetDependency */,
			);
			name = Data;
			productName = Data;
			productReference = 3A88E2742898639D002E02AA /* Data.framework */;
			productType = "com.apple.product-type.framework";
		};
		3A88E27A2898639D002E02AA /* DataTests */ = {
			isa = PBXNativeTarget;
			buildConfigurationList = 3A88E2862898639D002E02AA /* Build configuration list for PBXNativeTarget "DataTests" */;
			buildPhases = (
				3A88E2772898639D002E02AA /* Sources */,
				3A88E2782898639D002E02AA /* Frameworks */,
				3A88E2792898639D002E02AA /* Resources */,
			);
			buildRules = (
			);
			dependencies = (
				3A88E27E2898639D002E02AA /* PBXTargetDependency */,
			);
			name = DataTests;
			productName = DataTests;
			productReference = 3A88E27B2898639D002E02AA /* DataTests.xctest */;
			productType = "com.apple.product-type.bundle.unit-test";
		};
/* End PBXNativeTarget section */

/* Begin PBXProject section */
		3A88E24E28985D0E002E02AA /* Project object */ = {
			isa = PBXProject;
			attributes = {
				BuildIndependentTargetsInParallel = 1;
				LastSwiftUpdateCheck = 1340;
				LastUpgradeCheck = 1340;
				TargetAttributes = {
					3A2C2659289B2CF100DD8EBB = {
						CreatedOnToolsVersion = 13.4.1;
					};
					3A2C2660289B2CF100DD8EBB = {
						CreatedOnToolsVersion = 13.4.1;
					};
					3A88E2652898602A002E02AA = {
						CreatedOnToolsVersion = 13.4.1;
						LastSwiftMigration = 1340;
					};
					3A88E2732898639D002E02AA = {
						CreatedOnToolsVersion = 13.4.1;
						LastSwiftMigration = 1340;
					};
					3A88E27A2898639D002E02AA = {
						CreatedOnToolsVersion = 13.4.1;
						LastSwiftMigration = 1340;
					};
				};
			};
			buildConfigurationList = 3A88E25128985D0E002E02AA /* Build configuration list for PBXProject "CleanApp" */;
			compatibilityVersion = "Xcode 13.0";
			developmentRegion = en;
			hasScannedForEncodings = 0;
			knownRegions = (
				en,
				Base,
			);
			mainGroup = 3A88E24D28985D0E002E02AA;
			packageReferences = (
				3A2C266F289B32F500DD8EBB /* XCRemoteSwiftPackageReference "Alamofire" */,
			);
			productRefGroup = 3A88E25828985D0E002E02AA /* Products */;
			projectDirPath = "";
			projectRoot = "";
			targets = (
				3A88E2652898602A002E02AA /* Domain */,
				3A88E2732898639D002E02AA /* Data */,
				3A88E27A2898639D002E02AA /* DataTests */,
				3A2C2659289B2CF100DD8EBB /* Infra */,
				3A2C2660289B2CF100DD8EBB /* InfraTests */,
			);
		};
/* End PBXProject section */

/* Begin PBXResourcesBuildPhase section */
		3A2C2658289B2CF100DD8EBB /* Resources */ = {
			isa = PBXResourcesBuildPhase;
			buildActionMask = 2147483647;
			files = (
			);
			runOnlyForDeploymentPostprocessing = 0;
		};
		3A2C265F289B2CF100DD8EBB /* Resources */ = {
			isa = PBXResourcesBuildPhase;
			buildActionMask = 2147483647;
			files = (
			);
			runOnlyForDeploymentPostprocessing = 0;
		};
		3A88E2642898602A002E02AA /* Resources */ = {
			isa = PBXResourcesBuildPhase;
			buildActionMask = 2147483647;
			files = (
			);
			runOnlyForDeploymentPostprocessing = 0;
		};
		3A88E2722898639D002E02AA /* Resources */ = {
			isa = PBXResourcesBuildPhase;
			buildActionMask = 2147483647;
			files = (
			);
			runOnlyForDeploymentPostprocessing = 0;
		};
		3A88E2792898639D002E02AA /* Resources */ = {
			isa = PBXResourcesBuildPhase;
			buildActionMask = 2147483647;
			files = (
			);
			runOnlyForDeploymentPostprocessing = 0;
		};
/* End PBXResourcesBuildPhase section */

/* Begin PBXSourcesBuildPhase section */
		3A2C2656289B2CF100DD8EBB /* Sources */ = {
			isa = PBXSourcesBuildPhase;
			buildActionMask = 2147483647;
			files = (
			);
			runOnlyForDeploymentPostprocessing = 0;
		};
		3A2C265D289B2CF100DD8EBB /* Sources */ = {
			isa = PBXSourcesBuildPhase;
			buildActionMask = 2147483647;
			files = (
				3A4428C1289C53370042F5B0 /* TestFactories.swift in Sources */,
				3A4428C2289C55CD0042F5B0 /* TestExtensions.swift in Sources */,
				3A2C2667289B2CF100DD8EBB /* AlamofireAdapterTests.swift in Sources */,
			);
			runOnlyForDeploymentPostprocessing = 0;
		};
		3A88E2622898602A002E02AA /* Sources */ = {
			isa = PBXSourcesBuildPhase;
			buildActionMask = 2147483647;
			files = (
				3A88E26E28986097002E02AA /* AddAccount.swift in Sources */,
				3A9FBFB128996F17001E2914 /* AccountModel.swift in Sources */,
				3A9FBFB828999494001E2914 /* DomainError.swift in Sources */,
				3A9FBFAB28995D0D001E2914 /* Model.swift in Sources */,
			);
			runOnlyForDeploymentPostprocessing = 0;
		};
		3A88E2702898639D002E02AA /* Sources */ = {
			isa = PBXSourcesBuildPhase;
			buildActionMask = 2147483647;
			files = (
				3A9FBFAF28996EAC001E2914 /* HTTPPostClient.swift in Sources */,
				3A9FBFAD28996E85001E2914 /* RemoteAddAccount.swift in Sources */,
			);
			runOnlyForDeploymentPostprocessing = 0;
		};
		3A88E2772898639D002E02AA /* Sources */ = {
			isa = PBXSourcesBuildPhase;
			buildActionMask = 2147483647;
			files = (
				3AE22151289B14F000CBE25B /* TestFactories.swift in Sources */,
				3A88E290289863ED002E02AA /* RemoteAddAccountTests.swift in Sources */,
				3AE2214F289B14BD00CBE25B /* TestExtensions.swift in Sources */,
				3A2C2653289B159800DD8EBB /* HTTPClientSpy.swift in Sources */,
			);
			runOnlyForDeploymentPostprocessing = 0;
		};
/* End PBXSourcesBuildPhase section */

/* Begin PBXTargetDependency section */
		3A2C2664289B2CF100DD8EBB /* PBXTargetDependency */ = {
			isa = PBXTargetDependency;
			target = 3A2C2659289B2CF100DD8EBB /* Infra */;
			targetProxy = 3A2C2663289B2CF100DD8EBB /* PBXContainerItemProxy */;
		};
		3A88E27E2898639D002E02AA /* PBXTargetDependency */ = {
			isa = PBXTargetDependency;
			target = 3A88E2732898639D002E02AA /* Data */;
			targetProxy = 3A88E27D2898639D002E02AA /* PBXContainerItemProxy */;
		};
		3A88E28D289863A3002E02AA /* PBXTargetDependency */ = {
			isa = PBXTargetDependency;
			target = 3A88E2652898602A002E02AA /* Domain */;
			targetProxy = 3A88E28C289863A3002E02AA /* PBXContainerItemProxy */;
		};
/* End PBXTargetDependency section */

/* Begin XCBuildConfiguration section */
		3A2C2669289B2CF100DD8EBB /* Debug */ = {
			isa = XCBuildConfiguration;
			buildSettings = {
				CODE_SIGN_STYLE = Automatic;
				COMBINE_HIDPI_IMAGES = YES;
				CURRENT_PROJECT_VERSION = 1;
				DEFINES_MODULE = YES;
				DEVELOPMENT_TEAM = 99FHZVWMRA;
				DYLIB_COMPATIBILITY_VERSION = 1;
				DYLIB_CURRENT_VERSION = 1;
				DYLIB_INSTALL_NAME_BASE = "@rpath";
				GENERATE_INFOPLIST_FILE = YES;
				INFOPLIST_KEY_NSHumanReadableCopyright = "";
				INSTALL_PATH = "$(LOCAL_LIBRARY_DIR)/Frameworks";
				LD_RUNPATH_SEARCH_PATHS = (
					"$(inherited)",
					"@executable_path/../Frameworks",
					"@loader_path/Frameworks",
				);
				MACOSX_DEPLOYMENT_TARGET = 12.3;
				MARKETING_VERSION = 1.0;
				PRODUCT_BUNDLE_IDENTIFIER = com.example.Infra;
				PRODUCT_NAME = "$(TARGET_NAME:c99extidentifier)";
				SDKROOT = macosx;
				SKIP_INSTALL = YES;
				SWIFT_EMIT_LOC_STRINGS = YES;
				SWIFT_VERSION = 5.0;
			};
			name = Debug;
		};
		3A2C266A289B2CF100DD8EBB /* Release */ = {
			isa = XCBuildConfiguration;
			buildSettings = {
				CODE_SIGN_STYLE = Automatic;
				COMBINE_HIDPI_IMAGES = YES;
				CURRENT_PROJECT_VERSION = 1;
				DEFINES_MODULE = YES;
				DEVELOPMENT_TEAM = 99FHZVWMRA;
				DYLIB_COMPATIBILITY_VERSION = 1;
				DYLIB_CURRENT_VERSION = 1;
				DYLIB_INSTALL_NAME_BASE = "@rpath";
				GENERATE_INFOPLIST_FILE = YES;
				INFOPLIST_KEY_NSHumanReadableCopyright = "";
				INSTALL_PATH = "$(LOCAL_LIBRARY_DIR)/Frameworks";
				LD_RUNPATH_SEARCH_PATHS = (
					"$(inherited)",
					"@executable_path/../Frameworks",
					"@loader_path/Frameworks",
				);
				MACOSX_DEPLOYMENT_TARGET = 12.3;
				MARKETING_VERSION = 1.0;
				PRODUCT_BUNDLE_IDENTIFIER = com.example.Infra;
				PRODUCT_NAME = "$(TARGET_NAME:c99extidentifier)";
				SDKROOT = macosx;
				SKIP_INSTALL = YES;
				SWIFT_EMIT_LOC_STRINGS = YES;
				SWIFT_VERSION = 5.0;
			};
			name = Release;
		};
		3A2C266B289B2CF100DD8EBB /* Debug */ = {
			isa = XCBuildConfiguration;
			buildSettings = {
				CODE_SIGN_STYLE = Automatic;
				CURRENT_PROJECT_VERSION = 1;
				DEVELOPMENT_TEAM = 99FHZVWMRA;
				GENERATE_INFOPLIST_FILE = YES;
				MACOSX_DEPLOYMENT_TARGET = 12.3;
				MARKETING_VERSION = 1.0;
				PRODUCT_BUNDLE_IDENTIFIER = com.example.InfraTests;
				PRODUCT_NAME = "$(TARGET_NAME)";
				SDKROOT = macosx;
				SWIFT_EMIT_LOC_STRINGS = NO;
				SWIFT_VERSION = 5.0;
			};
			name = Debug;
		};
		3A2C266C289B2CF100DD8EBB /* Release */ = {
			isa = XCBuildConfiguration;
			buildSettings = {
				CODE_SIGN_STYLE = Automatic;
				CURRENT_PROJECT_VERSION = 1;
				DEVELOPMENT_TEAM = 99FHZVWMRA;
				GENERATE_INFOPLIST_FILE = YES;
				MACOSX_DEPLOYMENT_TARGET = 12.3;
				MARKETING_VERSION = 1.0;
				PRODUCT_BUNDLE_IDENTIFIER = com.example.InfraTests;
				PRODUCT_NAME = "$(TARGET_NAME)";
				SDKROOT = macosx;
				SWIFT_EMIT_LOC_STRINGS = NO;
				SWIFT_VERSION = 5.0;
			};
			name = Release;
		};
		3A88E25C28985D0E002E02AA /* Debug */ = {
			isa = XCBuildConfiguration;
			buildSettings = {
				ALWAYS_SEARCH_USER_PATHS = NO;
				CLANG_ANALYZER_NONNULL = YES;
				CLANG_ANALYZER_NUMBER_OBJECT_CONVERSION = YES_AGGRESSIVE;
				CLANG_CXX_LANGUAGE_STANDARD = "gnu++17";
				CLANG_ENABLE_MODULES = YES;
				CLANG_ENABLE_OBJC_ARC = YES;
				CLANG_ENABLE_OBJC_WEAK = YES;
				CLANG_WARN_BLOCK_CAPTURE_AUTORELEASING = YES;
				CLANG_WARN_BOOL_CONVERSION = YES;
				CLANG_WARN_COMMA = YES;
				CLANG_WARN_CONSTANT_CONVERSION = YES;
				CLANG_WARN_DEPRECATED_OBJC_IMPLEMENTATIONS = YES;
				CLANG_WARN_DIRECT_OBJC_ISA_USAGE = YES_ERROR;
				CLANG_WARN_DOCUMENTATION_COMMENTS = YES;
				CLANG_WARN_EMPTY_BODY = YES;
				CLANG_WARN_ENUM_CONVERSION = YES;
				CLANG_WARN_INFINITE_RECURSION = YES;
				CLANG_WARN_INT_CONVERSION = YES;
				CLANG_WARN_NON_LITERAL_NULL_CONVERSION = YES;
				CLANG_WARN_OBJC_IMPLICIT_RETAIN_SELF = YES;
				CLANG_WARN_OBJC_LITERAL_CONVERSION = YES;
				CLANG_WARN_OBJC_ROOT_CLASS = YES_ERROR;
				CLANG_WARN_QUOTED_INCLUDE_IN_FRAMEWORK_HEADER = YES;
				CLANG_WARN_RANGE_LOOP_ANALYSIS = YES;
				CLANG_WARN_STRICT_PROTOTYPES = YES;
				CLANG_WARN_SUSPICIOUS_MOVE = YES;
				CLANG_WARN_UNGUARDED_AVAILABILITY = YES_AGGRESSIVE;
				CLANG_WARN_UNREACHABLE_CODE = YES;
				CLANG_WARN__DUPLICATE_METHOD_MATCH = YES;
				COPY_PHASE_STRIP = NO;
				CURRENT_PROJECT_VERSION = 1;
				DEBUG_INFORMATION_FORMAT = dwarf;
				ENABLE_STRICT_OBJC_MSGSEND = YES;
				ENABLE_TESTABILITY = YES;
				GCC_C_LANGUAGE_STANDARD = gnu11;
				GCC_DYNAMIC_NO_PIC = NO;
				GCC_NO_COMMON_BLOCKS = YES;
				GCC_OPTIMIZATION_LEVEL = 0;
				GCC_PREPROCESSOR_DEFINITIONS = (
					"DEBUG=1",
					"$(inherited)",
				);
				GCC_WARN_64_TO_32_BIT_CONVERSION = YES;
				GCC_WARN_ABOUT_RETURN_TYPE = YES_ERROR;
				GCC_WARN_UNDECLARED_SELECTOR = YES;
				GCC_WARN_UNINITIALIZED_AUTOS = YES_AGGRESSIVE;
				GCC_WARN_UNUSED_FUNCTION = YES;
				GCC_WARN_UNUSED_VARIABLE = YES;
				IPHONEOS_DEPLOYMENT_TARGET = 15.5;
				MTL_ENABLE_DEBUG_INFO = INCLUDE_SOURCE;
				MTL_FAST_MATH = YES;
				ONLY_ACTIVE_ARCH = YES;
				SDKROOT = iphoneos;
				SWIFT_ACTIVE_COMPILATION_CONDITIONS = DEBUG;
				SWIFT_OPTIMIZATION_LEVEL = "-Onone";
				VERSIONING_SYSTEM = "apple-generic";
				VERSION_INFO_PREFIX = "";
			};
			name = Debug;
		};
		3A88E25D28985D0E002E02AA /* Release */ = {
			isa = XCBuildConfiguration;
			buildSettings = {
				ALWAYS_SEARCH_USER_PATHS = NO;
				CLANG_ANALYZER_NONNULL = YES;
				CLANG_ANALYZER_NUMBER_OBJECT_CONVERSION = YES_AGGRESSIVE;
				CLANG_CXX_LANGUAGE_STANDARD = "gnu++17";
				CLANG_ENABLE_MODULES = YES;
				CLANG_ENABLE_OBJC_ARC = YES;
				CLANG_ENABLE_OBJC_WEAK = YES;
				CLANG_WARN_BLOCK_CAPTURE_AUTORELEASING = YES;
				CLANG_WARN_BOOL_CONVERSION = YES;
				CLANG_WARN_COMMA = YES;
				CLANG_WARN_CONSTANT_CONVERSION = YES;
				CLANG_WARN_DEPRECATED_OBJC_IMPLEMENTATIONS = YES;
				CLANG_WARN_DIRECT_OBJC_ISA_USAGE = YES_ERROR;
				CLANG_WARN_DOCUMENTATION_COMMENTS = YES;
				CLANG_WARN_EMPTY_BODY = YES;
				CLANG_WARN_ENUM_CONVERSION = YES;
				CLANG_WARN_INFINITE_RECURSION = YES;
				CLANG_WARN_INT_CONVERSION = YES;
				CLANG_WARN_NON_LITERAL_NULL_CONVERSION = YES;
				CLANG_WARN_OBJC_IMPLICIT_RETAIN_SELF = YES;
				CLANG_WARN_OBJC_LITERAL_CONVERSION = YES;
				CLANG_WARN_OBJC_ROOT_CLASS = YES_ERROR;
				CLANG_WARN_QUOTED_INCLUDE_IN_FRAMEWORK_HEADER = YES;
				CLANG_WARN_RANGE_LOOP_ANALYSIS = YES;
				CLANG_WARN_STRICT_PROTOTYPES = YES;
				CLANG_WARN_SUSPICIOUS_MOVE = YES;
				CLANG_WARN_UNGUARDED_AVAILABILITY = YES_AGGRESSIVE;
				CLANG_WARN_UNREACHABLE_CODE = YES;
				CLANG_WARN__DUPLICATE_METHOD_MATCH = YES;
				COPY_PHASE_STRIP = NO;
				CURRENT_PROJECT_VERSION = 1;
				DEBUG_INFORMATION_FORMAT = "dwarf-with-dsym";
				ENABLE_NS_ASSERTIONS = NO;
				ENABLE_STRICT_OBJC_MSGSEND = YES;
				GCC_C_LANGUAGE_STANDARD = gnu11;
				GCC_NO_COMMON_BLOCKS = YES;
				GCC_WARN_64_TO_32_BIT_CONVERSION = YES;
				GCC_WARN_ABOUT_RETURN_TYPE = YES_ERROR;
				GCC_WARN_UNDECLARED_SELECTOR = YES;
				GCC_WARN_UNINITIALIZED_AUTOS = YES_AGGRESSIVE;
				GCC_WARN_UNUSED_FUNCTION = YES;
				GCC_WARN_UNUSED_VARIABLE = YES;
				IPHONEOS_DEPLOYMENT_TARGET = 15.5;
				MTL_ENABLE_DEBUG_INFO = NO;
				MTL_FAST_MATH = YES;
				SDKROOT = iphoneos;
				SWIFT_COMPILATION_MODE = wholemodule;
				SWIFT_OPTIMIZATION_LEVEL = "-O";
				VALIDATE_PRODUCT = YES;
				VERSIONING_SYSTEM = "apple-generic";
				VERSION_INFO_PREFIX = "";
			};
			name = Release;
		};
		3A88E26B2898602A002E02AA /* Debug */ = {
			isa = XCBuildConfiguration;
			buildSettings = {
				CLANG_ENABLE_MODULES = YES;
				CODE_SIGN_STYLE = Automatic;
				COMBINE_HIDPI_IMAGES = YES;
				CURRENT_PROJECT_VERSION = 1;
				DEFINES_MODULE = YES;
				DEVELOPMENT_TEAM = 99FHZVWMRA;
				DYLIB_COMPATIBILITY_VERSION = 1;
				DYLIB_CURRENT_VERSION = 1;
				DYLIB_INSTALL_NAME_BASE = "@rpath";
				GENERATE_INFOPLIST_FILE = YES;
				INFOPLIST_KEY_NSHumanReadableCopyright = "";
				INSTALL_PATH = "$(LOCAL_LIBRARY_DIR)/Frameworks";
				LD_RUNPATH_SEARCH_PATHS = (
					"$(inherited)",
					"@executable_path/../Frameworks",
					"@loader_path/Frameworks",
				);
				MACOSX_DEPLOYMENT_TARGET = 12.3;
				MARKETING_VERSION = 1.0;
				PRODUCT_BUNDLE_IDENTIFIER = com.example.Domain;
				PRODUCT_NAME = "$(TARGET_NAME:c99extidentifier)";
				SDKROOT = macosx;
				SKIP_INSTALL = YES;
				SWIFT_EMIT_LOC_STRINGS = YES;
				SWIFT_OPTIMIZATION_LEVEL = "-Onone";
				SWIFT_VERSION = 5.0;
			};
			name = Debug;
		};
		3A88E26C2898602A002E02AA /* Release */ = {
			isa = XCBuildConfiguration;
			buildSettings = {
				CLANG_ENABLE_MODULES = YES;
				CODE_SIGN_STYLE = Automatic;
				COMBINE_HIDPI_IMAGES = YES;
				CURRENT_PROJECT_VERSION = 1;
				DEFINES_MODULE = YES;
				DEVELOPMENT_TEAM = 99FHZVWMRA;
				DYLIB_COMPATIBILITY_VERSION = 1;
				DYLIB_CURRENT_VERSION = 1;
				DYLIB_INSTALL_NAME_BASE = "@rpath";
				GENERATE_INFOPLIST_FILE = YES;
				INFOPLIST_KEY_NSHumanReadableCopyright = "";
				INSTALL_PATH = "$(LOCAL_LIBRARY_DIR)/Frameworks";
				LD_RUNPATH_SEARCH_PATHS = (
					"$(inherited)",
					"@executable_path/../Frameworks",
					"@loader_path/Frameworks",
				);
				MACOSX_DEPLOYMENT_TARGET = 12.3;
				MARKETING_VERSION = 1.0;
				PRODUCT_BUNDLE_IDENTIFIER = com.example.Domain;
				PRODUCT_NAME = "$(TARGET_NAME:c99extidentifier)";
				SDKROOT = macosx;
				SKIP_INSTALL = YES;
				SWIFT_EMIT_LOC_STRINGS = YES;
				SWIFT_VERSION = 5.0;
			};
			name = Release;
		};
		3A88E2842898639D002E02AA /* Debug */ = {
			isa = XCBuildConfiguration;
			buildSettings = {
				CLANG_ENABLE_MODULES = YES;
				CODE_SIGN_STYLE = Automatic;
				COMBINE_HIDPI_IMAGES = YES;
				CURRENT_PROJECT_VERSION = 1;
				DEFINES_MODULE = YES;
				DEVELOPMENT_TEAM = 99FHZVWMRA;
				DYLIB_COMPATIBILITY_VERSION = 1;
				DYLIB_CURRENT_VERSION = 1;
				DYLIB_INSTALL_NAME_BASE = "@rpath";
				GENERATE_INFOPLIST_FILE = YES;
				INFOPLIST_KEY_NSHumanReadableCopyright = "";
				INSTALL_PATH = "$(LOCAL_LIBRARY_DIR)/Frameworks";
				LD_RUNPATH_SEARCH_PATHS = (
					"$(inherited)",
					"@executable_path/../Frameworks",
					"@loader_path/Frameworks",
				);
				MACOSX_DEPLOYMENT_TARGET = 12.3;
				MARKETING_VERSION = 1.0;
				PRODUCT_BUNDLE_IDENTIFIER = com.example.Data;
				PRODUCT_NAME = "$(TARGET_NAME:c99extidentifier)";
				SDKROOT = macosx;
				SKIP_INSTALL = YES;
				SWIFT_EMIT_LOC_STRINGS = YES;
				SWIFT_OPTIMIZATION_LEVEL = "-Onone";
				SWIFT_VERSION = 5.0;
			};
			name = Debug;
		};
		3A88E2852898639D002E02AA /* Release */ = {
			isa = XCBuildConfiguration;
			buildSettings = {
				CLANG_ENABLE_MODULES = YES;
				CODE_SIGN_STYLE = Automatic;
				COMBINE_HIDPI_IMAGES = YES;
				CURRENT_PROJECT_VERSION = 1;
				DEFINES_MODULE = YES;
				DEVELOPMENT_TEAM = 99FHZVWMRA;
				DYLIB_COMPATIBILITY_VERSION = 1;
				DYLIB_CURRENT_VERSION = 1;
				DYLIB_INSTALL_NAME_BASE = "@rpath";
				GENERATE_INFOPLIST_FILE = YES;
				INFOPLIST_KEY_NSHumanReadableCopyright = "";
				INSTALL_PATH = "$(LOCAL_LIBRARY_DIR)/Frameworks";
				LD_RUNPATH_SEARCH_PATHS = (
					"$(inherited)",
					"@executable_path/../Frameworks",
					"@loader_path/Frameworks",
				);
				MACOSX_DEPLOYMENT_TARGET = 12.3;
				MARKETING_VERSION = 1.0;
				PRODUCT_BUNDLE_IDENTIFIER = com.example.Data;
				PRODUCT_NAME = "$(TARGET_NAME:c99extidentifier)";
				SDKROOT = macosx;
				SKIP_INSTALL = YES;
				SWIFT_EMIT_LOC_STRINGS = YES;
				SWIFT_VERSION = 5.0;
			};
			name = Release;
		};
		3A88E2872898639D002E02AA /* Debug */ = {
			isa = XCBuildConfiguration;
			buildSettings = {
				ALWAYS_EMBED_SWIFT_STANDARD_LIBRARIES = YES;
				CLANG_ENABLE_MODULES = YES;
				CODE_SIGN_STYLE = Automatic;
				CURRENT_PROJECT_VERSION = 1;
				DEVELOPMENT_TEAM = 99FHZVWMRA;
				GENERATE_INFOPLIST_FILE = YES;
				LD_RUNPATH_SEARCH_PATHS = (
					"$(inherited)",
					"@executable_path/../Frameworks",
					"@loader_path/../Frameworks",
				);
				MACOSX_DEPLOYMENT_TARGET = 12.3;
				MARKETING_VERSION = 1.0;
				PRODUCT_BUNDLE_IDENTIFIER = com.example.DataTests;
				PRODUCT_NAME = "$(TARGET_NAME)";
				SDKROOT = macosx;
				SWIFT_EMIT_LOC_STRINGS = NO;
				SWIFT_OPTIMIZATION_LEVEL = "-Onone";
				SWIFT_VERSION = 5.0;
			};
			name = Debug;
		};
		3A88E2882898639D002E02AA /* Release */ = {
			isa = XCBuildConfiguration;
			buildSettings = {
				ALWAYS_EMBED_SWIFT_STANDARD_LIBRARIES = YES;
				CLANG_ENABLE_MODULES = YES;
				CODE_SIGN_STYLE = Automatic;
				CURRENT_PROJECT_VERSION = 1;
				DEVELOPMENT_TEAM = 99FHZVWMRA;
				GENERATE_INFOPLIST_FILE = YES;
				LD_RUNPATH_SEARCH_PATHS = (
					"$(inherited)",
					"@executable_path/../Frameworks",
					"@loader_path/../Frameworks",
				);
				MACOSX_DEPLOYMENT_TARGET = 12.3;
				MARKETING_VERSION = 1.0;
				PRODUCT_BUNDLE_IDENTIFIER = com.example.DataTests;
				PRODUCT_NAME = "$(TARGET_NAME)";
				SDKROOT = macosx;
				SWIFT_EMIT_LOC_STRINGS = NO;
				SWIFT_VERSION = 5.0;
			};
			name = Release;
		};
/* End XCBuildConfiguration section */

/* Begin XCConfigurationList section */
		3A2C266D289B2CF100DD8EBB /* Build configuration list for PBXNativeTarget "Infra" */ = {
			isa = XCConfigurationList;
			buildConfigurations = (
				3A2C2669289B2CF100DD8EBB /* Debug */,
				3A2C266A289B2CF100DD8EBB /* Release */,
			);
			defaultConfigurationIsVisible = 0;
			defaultConfigurationName = Release;
		};
		3A2C266E289B2CF100DD8EBB /* Build configuration list for PBXNativeTarget "InfraTests" */ = {
			isa = XCConfigurationList;
			buildConfigurations = (
				3A2C266B289B2CF100DD8EBB /* Debug */,
				3A2C266C289B2CF100DD8EBB /* Release */,
			);
			defaultConfigurationIsVisible = 0;
			defaultConfigurationName = Release;
		};
		3A88E25128985D0E002E02AA /* Build configuration list for PBXProject "CleanApp" */ = {
			isa = XCConfigurationList;
			buildConfigurations = (
				3A88E25C28985D0E002E02AA /* Debug */,
				3A88E25D28985D0E002E02AA /* Release */,
			);
			defaultConfigurationIsVisible = 0;
			defaultConfigurationName = Release;
		};
		3A88E26A2898602A002E02AA /* Build configuration list for PBXNativeTarget "Domain" */ = {
			isa = XCConfigurationList;
			buildConfigurations = (
				3A88E26B2898602A002E02AA /* Debug */,
				3A88E26C2898602A002E02AA /* Release */,
			);
			defaultConfigurationIsVisible = 0;
			defaultConfigurationName = Release;
		};
		3A88E2832898639D002E02AA /* Build configuration list for PBXNativeTarget "Data" */ = {
			isa = XCConfigurationList;
			buildConfigurations = (
				3A88E2842898639D002E02AA /* Debug */,
				3A88E2852898639D002E02AA /* Release */,
			);
			defaultConfigurationIsVisible = 0;
			defaultConfigurationName = Release;
		};
		3A88E2862898639D002E02AA /* Build configuration list for PBXNativeTarget "DataTests" */ = {
			isa = XCConfigurationList;
			buildConfigurations = (
				3A88E2872898639D002E02AA /* Debug */,
				3A88E2882898639D002E02AA /* Release */,
			);
			defaultConfigurationIsVisible = 0;
			defaultConfigurationName = Release;
		};
/* End XCConfigurationList section */

/* Begin XCRemoteSwiftPackageReference section */
		3A2C266F289B32F500DD8EBB /* XCRemoteSwiftPackageReference "Alamofire" */ = {
			isa = XCRemoteSwiftPackageReference;
			repositoryURL = "https://github.com/Alamofire/Alamofire.git";
			requirement = {
				kind = upToNextMajorVersion;
				minimumVersion = 5.0.0;
			};
		};
/* End XCRemoteSwiftPackageReference section */

/* Begin XCSwiftPackageProductDependency section */
		3A2C2670289B32F500DD8EBB /* Alamofire */ = {
			isa = XCSwiftPackageProductDependency;
			package = 3A2C266F289B32F500DD8EBB /* XCRemoteSwiftPackageReference "Alamofire" */;
			productName = Alamofire;
		};
		3A2C2672289B347D00DD8EBB /* Alamofire */ = {
			isa = XCSwiftPackageProductDependency;
			package = 3A2C266F289B32F500DD8EBB /* XCRemoteSwiftPackageReference "Alamofire" */;
			productName = Alamofire;
		};
/* End XCSwiftPackageProductDependency section */
	};
	rootObject = 3A88E24E28985D0E002E02AA /* Project object */;
}
